# THIS IS AN AUTOGENERATED FILE. DO NOT EDIT THIS FILE DIRECTLY.
# yarn lockfile v1


define-properties@^1.1.2:
  version "1.1.2"
  resolved "https://registry.yarnpkg.com/define-properties/-/define-properties-1.1.2.tgz#83a73f2fea569898fb737193c8f873caf6d45c94"
  dependencies:
    foreach "^2.0.5"
    object-keys "^1.0.8"

dom-walk@^0.1.0:
  version "0.1.1"
  resolved "https://registry.yarnpkg.com/dom-walk/-/dom-walk-0.1.1.tgz#672226dc74c8f799ad35307df936aba11acd6018"

es5-shim@^4.5.1:
  version "4.5.9"
  resolved "https://registry.yarnpkg.com/es5-shim/-/es5-shim-4.5.9.tgz#2a1e2b9e583ff5fed0c20a3ee2cbf3f75230a5c0"

for-each@^0.3.2:
  version "0.3.2"
  resolved "https://registry.yarnpkg.com/for-each/-/for-each-0.3.2.tgz#2c40450b9348e97f281322593ba96704b9abd4d4"
  dependencies:
    is-function "~1.0.0"

foreach@^2.0.5:
  version "2.0.5"
  resolved "https://registry.yarnpkg.com/foreach/-/foreach-2.0.5.tgz#0bee005018aeb260d0a3af3ae658dd0136ec1b99"

function-bind@^1.0.2:
  version "1.1.0"
  resolved "https://registry.yarnpkg.com/function-bind/-/function-bind-1.1.0.tgz#16176714c801798e4e8f2cf7f7529467bb4a5771"

global@4.3.0, global@~4.3.0:
  version "4.3.0"
  resolved "https://registry.yarnpkg.com/global/-/global-4.3.0.tgz#ef7ec4beead579b454f5ebd5e7f303db54f42a2b"
  dependencies:
    min-document "^2.6.1"
    process "~0.5.1"

individual@^2.0.0:
  version "2.0.0"
  resolved "https://registry.yarnpkg.com/individual/-/individual-2.0.0.tgz#833b097dad23294e76117a98fb38e0d9ad61bb97"

is-function@^1.0.1, is-function@~1.0.0:
  version "1.0.1"
  resolved "https://registry.yarnpkg.com/is-function/-/is-function-1.0.1.tgz#12cfb98b65b57dd3d193a3121f5f6e2f437602b5"

lodash-compat@3.10.2:
  version "3.10.2"
  resolved "https://registry.yarnpkg.com/lodash-compat/-/lodash-compat-3.10.2.tgz#c6940128a9d30f8e902cd2cf99fd0cba4ecfc183"

min-document@^2.6.1:
  version "2.19.0"
  resolved "https://registry.yarnpkg.com/min-document/-/min-document-2.19.0.tgz#7bd282e3f5842ed295bb748cdd9f1ffa2c824685"
  dependencies:
    dom-walk "^0.1.0"

object-keys@^1.0.8, object-keys@^1.0.9:
  version "1.0.11"
  resolved "https://registry.yarnpkg.com/object-keys/-/object-keys-1.0.11.tgz#c54601778ad560f1142ce0e01bcca8b56d13426d"

object.assign@4.0.3:
  version "4.0.3"
  resolved "https://registry.yarnpkg.com/object.assign/-/object.assign-4.0.3.tgz#91aa8203b982135f12269d91f7d0751676f22cb3"
  dependencies:
    define-properties "^1.1.2"
    function-bind "^1.0.2"
    object-keys "^1.0.9"

once@~1.1.1:
  version "1.1.1"
  resolved "https://registry.yarnpkg.com/once/-/once-1.1.1.tgz#9db574933ccb08c3a7614d154032c09ea6f339e7"

parse-headers@^2.0.0:
  version "2.0.1"
  resolved "https://registry.yarnpkg.com/parse-headers/-/parse-headers-2.0.1.tgz#6ae83a7aa25a9d9b700acc28698cd1f1ed7e9536"
  dependencies:
    for-each "^0.3.2"
    trim "0.0.1"

process@~0.5.1:
  version "0.5.2"
  resolved "https://registry.yarnpkg.com/process/-/process-0.5.2.tgz#1638d8a8e34c2f440a91db95ab9aeb677fc185cf"

rust-result@^1.0.0:
  version "1.0.0"
  resolved "https://registry.yarnpkg.com/rust-result/-/rust-result-1.0.0.tgz#34c75b2e6dc39fe5875e5bdec85b5e0f91536f72"
  dependencies:
    individual "^2.0.0"

safe-json-parse@4.0.0:
  version "4.0.0"
  resolved "https://registry.yarnpkg.com/safe-json-parse/-/safe-json-parse-4.0.0.tgz#7c0f578cfccd12d33a71c0e05413e2eca171eaac"
  dependencies:
    rust-result "^1.0.0"

trim@0.0.1:
  version "0.0.1"
  resolved "https://registry.yarnpkg.com/trim/-/trim-0.0.1.tgz#5858547f6b290757ee95cccc666fb50084c460dd"

tsml@1.0.1:
  version "1.0.1"
  resolved "https://registry.yarnpkg.com/tsml/-/tsml-1.0.1.tgz#89f8218b9d9e257f47d7f6b56d01c5a4d2c68fc3"

video.js@5.11.6:
  version "5.11.6"
  resolved "https://registry.yarnpkg.com/video.js/-/video.js-5.11.6.tgz#e0bcaf47f6ed2dd405e44f4416047f68b54493f0"
  dependencies:
    global "4.3.0"
    lodash-compat "3.10.2"
    object.assign "4.0.3"
    safe-json-parse "4.0.0"
    tsml "1.0.1"
    videojs-font "2.0.0"
    videojs-ie8 "1.1.2"
    videojs-swf "5.1.0"
    videojs-vtt.js "0.12.1"
    xhr "2.2.0"

videojs-font@2.0.0:
  version "2.0.0"
  resolved "https://registry.yarnpkg.com/videojs-font/-/videojs-font-2.0.0.tgz#af7461ef9d4b95e0334bffb78b2f2ff0364a9034"

videojs-ie8@1.1.2:
  version "1.1.2"
  resolved "https://registry.yarnpkg.com/videojs-ie8/-/videojs-ie8-1.1.2.tgz#a23d3d8608ad7192b69c6077fc4eb848998d35d9"
  dependencies:
    es5-shim "^4.5.1"

videojs-swf@5.1.0:
  version "5.1.0"
  resolved "https://registry.yarnpkg.com/videojs-swf/-/videojs-swf-5.1.0.tgz#7d6b5a78fb36cbf97ed2056d413e8c2012dbbdad"

videojs-vtt.js@0.12.1:
  version "0.12.1"
  resolved "https://registry.yarnpkg.com/videojs-vtt.js/-/videojs-vtt.js-0.12.1.tgz#e313896ca8e838c1b2e16df8775c56981ae19f3a"

xhr@2.2.0:
  version "2.2.0"
  resolved "https://registry.yarnpkg.com/xhr/-/xhr-2.2.0.tgz#70d957d52c49f1bac6a86e14f4e088ecae4040f2"
  dependencies:
    global "~4.3.0"
    is-function "^1.0.1"
    once "~1.1.1"
    parse-headers "^2.0.0"
    xtend "^4.0.0"

xtend@^4.0.0:
  version "4.0.1"
  resolved "https://registry.yarnpkg.com/xtend/-/xtend-4.0.1.tgz#a5c6d532be656e23db820efb943a1f04998d63af"
