# THIS IS AN AUTOGENERATED FILE. DO NOT EDIT THIS FILE DIRECTLY.
# yarn lockfile v1


babel-runtime@^6.9.2:
  version "6.23.0"
  resolved "https://registry.yarnpkg.com/babel-runtime/-/babel-runtime-6.23.0.tgz#0a9489f144de70efb3ce4300accdb329e2fc543b"
  dependencies:
    core-js "^2.4.0"
    regenerator-runtime "^0.10.0"

core-js@^2.4.0:
  version "2.4.1"
  resolved "https://registry.yarnpkg.com/core-js/-/core-js-2.4.1.tgz#4de911e667b0eae9124e34254b53aea6fc618d3e"

dom-walk@^0.1.0:
  version "0.1.1"
  resolved "https://registry.yarnpkg.com/dom-walk/-/dom-walk-0.1.1.tgz#672226dc74c8f799ad35307df936aba11acd6018"

es5-shim@^4.5.1:
  version "4.5.9"
  resolved "https://registry.yarnpkg.com/es5-shim/-/es5-shim-4.5.9.tgz#2a1e2b9e583ff5fed0c20a3ee2cbf3f75230a5c0"

for-each@^0.3.2:
  version "0.3.2"
  resolved "https://registry.yarnpkg.com/for-each/-/for-each-0.3.2.tgz#2c40450b9348e97f281322593ba96704b9abd4d4"
  dependencies:
    is-function "~1.0.0"

global@4.3.2, global@~4.3.0:
  version "4.3.2"
  resolved "https://registry.yarnpkg.com/global/-/global-4.3.2.tgz#e76989268a6c74c38908b1305b10fc0e394e9d0f"
  dependencies:
    min-document "^2.19.0"
    process "~0.5.1"

individual@^2.0.0:
  version "2.0.0"
  resolved "https://registry.yarnpkg.com/individual/-/individual-2.0.0.tgz#833b097dad23294e76117a98fb38e0d9ad61bb97"

is-function@^1.0.1, is-function@~1.0.0:
  version "1.0.1"
  resolved "https://registry.yarnpkg.com/is-function/-/is-function-1.0.1.tgz#12cfb98b65b57dd3d193a3121f5f6e2f437602b5"

min-document@^2.19.0:
  version "2.19.0"
  resolved "https://registry.yarnpkg.com/min-document/-/min-document-2.19.0.tgz#7bd282e3f5842ed295bb748cdd9f1ffa2c824685"
  dependencies:
    dom-walk "^0.1.0"

parse-headers@^2.0.0:
  version "2.0.1"
  resolved "https://registry.yarnpkg.com/parse-headers/-/parse-headers-2.0.1.tgz#6ae83a7aa25a9d9b700acc28698cd1f1ed7e9536"
  dependencies:
    for-each "^0.3.2"
    trim "0.0.1"

process@~0.5.1:
  version "0.5.2"
  resolved "https://registry.yarnpkg.com/process/-/process-0.5.2.tgz#1638d8a8e34c2f440a91db95ab9aeb677fc185cf"

regenerator-runtime@^0.10.0:
  version "0.10.5"
  resolved "https://registry.yarnpkg.com/regenerator-runtime/-/regenerator-runtime-0.10.5.tgz#336c3efc1220adcedda2c9fab67b5a7955a33658"

rust-result@^1.0.0:
  version "1.0.0"
  resolved "https://registry.yarnpkg.com/rust-result/-/rust-result-1.0.0.tgz#34c75b2e6dc39fe5875e5bdec85b5e0f91536f72"
  dependencies:
    individual "^2.0.0"

safe-json-parse@4.0.0:
  version "4.0.0"
  resolved "https://registry.yarnpkg.com/safe-json-parse/-/safe-json-parse-4.0.0.tgz#7c0f578cfccd12d33a71c0e05413e2eca171eaac"
  dependencies:
    rust-result "^1.0.0"

trim@0.0.1:
  version "0.0.1"
  resolved "https://registry.yarnpkg.com/trim/-/trim-0.0.1.tgz#5858547f6b290757ee95cccc666fb50084c460dd"

tsml@1.0.1:
  version "1.0.1"
  resolved "https://registry.yarnpkg.com/tsml/-/tsml-1.0.1.tgz#89f8218b9d9e257f47d7f6b56d01c5a4d2c68fc3"

video.js@6.1.0:
  version "6.1.0"
  resolved "https://registry.yarnpkg.com/video.js/-/video.js-6.1.0.tgz#e184965fbe47ae8e59e72df39f48fe859a4d885c"
  dependencies:
    babel-runtime "^6.9.2"
    global "4.3.2"
    safe-json-parse "4.0.0"
    tsml "1.0.1"
    videojs-font "2.0.0"
    videojs-ie8 "1.1.2"
    videojs-vtt.js "0.12.3"
    xhr "2.4.0"

videojs-font@2.0.0:
  version "2.0.0"
  resolved "https://registry.yarnpkg.com/videojs-font/-/videojs-font-2.0.0.tgz#af7461ef9d4b95e0334bffb78b2f2ff0364a9034"

videojs-ie8@1.1.2:
  version "1.1.2"
  resolved "https://registry.yarnpkg.com/videojs-ie8/-/videojs-ie8-1.1.2.tgz#a23d3d8608ad7192b69c6077fc4eb848998d35d9"
  dependencies:
    es5-shim "^4.5.1"

videojs-vtt.js@0.12.3:
  version "0.12.3"
  resolved "https://registry.yarnpkg.com/videojs-vtt.js/-/videojs-vtt.js-0.12.3.tgz#5ec6606844544790a795e8e396e3f2ab3649a2d6"

xhr@2.4.0:
  version "2.4.0"
  resolved "https://registry.yarnpkg.com/xhr/-/xhr-2.4.0.tgz#e16e66a45f869861eeefab416d5eff722dc40993"
  dependencies:
    global "~4.3.0"
    is-function "^1.0.1"
    parse-headers "^2.0.0"
    xtend "^4.0.0"

xtend@^4.0.0:
  version "4.0.1"
  resolved "https://registry.yarnpkg.com/xtend/-/xtend-4.0.1.tgz#a5c6d532be656e23db820efb943a1f04998d63af"
