# THIS IS AN AUTOGENERATED FILE. DO NOT EDIT THIS FILE DIRECTLY.
# yarn lockfile v1


codemirror@^5.26.0:
  version "5.26.0"
  resolved "https://registry.yarnpkg.com/codemirror/-/codemirror-5.26.0.tgz#bcbee86816ed123870c260461c2b5c40b68746e5"

simple-assign@^0.1.0:
  version "0.1.0"
  resolved "https://registry.yarnpkg.com/simple-assign/-/simple-assign-0.1.0.tgz#17fd3066a5f3d7738f50321bb0f14ca281cc4baa"

vuep@^0.7.0:
  version "0.7.0"
  resolved "https://registry.yarnpkg.com/vuep/-/vuep-0.7.0.tgz#b28f86b7fe098e65740e878c85615411dd7b3cbb"
  dependencies:
    simple-assign "^0.1.0"
